// !$*UTF8*$!
{
	archiveVersion = 1;
	classes = {
	};
	objectVersion = 56;
	objects = {

/* Begin PBXBuildFile section */
		92D7E0382A85583500C95227 /* Brew Experiment Watch App.app in Embed Watch Content */ = {isa = PBXBuildFile; fileRef = 92D7E0372A85583500C95227 /* Brew Experiment Watch App.app */; settings = {ATTRIBUTES = (RemoveHeadersOnCopy, ); }; };
		92D7E03D2A85583500C95227 /* Brew_ExperimentApp.swift in Sources */ = {isa = PBXBuildFile; fileRef = 92D7E03C2A85583500C95227 /* Brew_ExperimentApp.swift */; };
		92D7E03F2A85583500C95227 /* ContentView.swift in Sources */ = {isa = PBXBuildFile; fileRef = 92D7E03E2A85583500C95227 /* ContentView.swift */; };
		92D7E0412A85583A00C95227 /* Assets.xcassets in Resources */ = {isa = PBXBuildFile; fileRef = 92D7E0402A85583A00C95227 /* Assets.xcassets */; };
		92D7E0442A85583A00C95227 /* Preview Assets.xcassets in Resources */ = {isa = PBXBuildFile; fileRef = 92D7E0432A85583A00C95227 /* Preview Assets.xcassets */; };
		92D7E04E2A85583A00C95227 /* Brew_Experiment_Watch_AppTests.swift in Sources */ = {isa = PBXBuildFile; fileRef = 92D7E04D2A85583A00C95227 /* Brew_Experiment_Watch_AppTests.swift */; };
		92D7E0582A85583A00C95227 /* Brew_Experiment_Watch_AppUITests.swift in Sources */ = {isa = PBXBuildFile; fileRef = 92D7E0572A85583A00C95227 /* Brew_Experiment_Watch_AppUITests.swift */; };
		92D7E05A2A85583A00C95227 /* Brew_Experiment_Watch_AppUITestsLaunchTests.swift in Sources */ = {isa = PBXBuildFile; fileRef = 92D7E0592A85583A00C95227 /* Brew_Experiment_Watch_AppUITestsLaunchTests.swift */; };
/* End PBXBuildFile section */

/* Begin PBXContainerItemProxy section */
		92D7E0392A85583500C95227 /* PBXContainerItemProxy */ = {
			isa = PBXContainerItemProxy;
			containerPortal = 92D7E02B2A85583400C95227 /* Project object */;
			proxyType = 1;
			remoteGlobalIDString = 92D7E0362A85583500C95227;
			remoteInfo = "Brew Experiment Watch App";
		};
		92D7E04A2A85583A00C95227 /* PBXContainerItemProxy */ = {
			isa = PBXContainerItemProxy;
			containerPortal = 92D7E02B2A85583400C95227 /* Project object */;
			proxyType = 1;
			remoteGlobalIDString = 92D7E0362A85583500C95227;
			remoteInfo = "Brew Experiment Watch App";
		};
		92D7E0542A85583A00C95227 /* PBXContainerItemProxy */ = {
			isa = PBXContainerItemProxy;
			containerPortal = 92D7E02B2A85583400C95227 /* Project object */;
			proxyType = 1;
			remoteGlobalIDString = 92D7E0362A85583500C95227;
			remoteInfo = "Brew Experiment Watch App";
		};
/* End PBXContainerItemProxy section */

/* Begin PBXCopyFilesBuildPhase section */
		92D7E0602A85583A00C95227 /* Embed Watch Content */ = {
			isa = PBXCopyFilesBuildPhase;
			buildActionMask = 2147483647;
			dstPath = "$(CONTENTS_FOLDER_PATH)/Watch";
			dstSubfolderSpec = 16;
			files = (
				92D7E0382A85583500C95227 /* Brew Experiment Watch App.app in Embed Watch Content */,
			);
			name = "Embed Watch Content";
			runOnlyForDeploymentPostprocessing = 0;
		};
/* End PBXCopyFilesBuildPhase section */

/* Begin PBXFileReference section */
		92D7E0312A85583500C95227 /* Brew Experiment.app */ = {isa = PBXFileReference; explicitFileType = wrapper.application; includeInIndex = 0; path = "Brew Experiment.app"; sourceTree = BUILT_PRODUCTS_DIR; };
		92D7E0372A85583500C95227 /* Brew Experiment Watch App.app */ = {isa = PBXFileReference; explicitFileType = wrapper.application; includeInIndex = 0; path = "Brew Experiment Watch App.app"; sourceTree = BUILT_PRODUCTS_DIR; };
		92D7E03C2A85583500C95227 /* Brew_ExperimentApp.swift */ = {isa = PBXFileReference; lastKnownFileType = sourcecode.swift; path = Brew_ExperimentApp.swift; sourceTree = "<group>"; };
		92D7E03E2A85583500C95227 /* ContentView.swift */ = {isa = PBXFileReference; lastKnownFileType = sourcecode.swift; path = ContentView.swift; sourceTree = "<group>"; };
		92D7E0402A85583A00C95227 /* Assets.xcassets */ = {isa = PBXFileReference; lastKnownFileType = folder.assetcatalog; path = Assets.xcassets; sourceTree = "<group>"; };
		92D7E0432A85583A00C95227 /* Preview Assets.xcassets */ = {isa = PBXFileReference; lastKnownFileType = folder.assetcatalog; path = "Preview Assets.xcassets"; sourceTree = "<group>"; };
		92D7E0492A85583A00C95227 /* Brew Experiment Watch AppTests.xctest */ = {isa = PBXFileReference; explicitFileType = wrapper.cfbundle; includeInIndex = 0; path = "Brew Experiment Watch AppTests.xctest"; sourceTree = BUILT_PRODUCTS_DIR; };
		92D7E04D2A85583A00C95227 /* Brew_Experiment_Watch_AppTests.swift */ = {isa = PBXFileReference; lastKnownFileType = sourcecode.swift; path = Brew_Experiment_Watch_AppTests.swift; sourceTree = "<group>"; };
		92D7E0532A85583A00C95227 /* Brew Experiment Watch AppUITests.xctest */ = {isa = PBXFileReference; explicitFileType = wrapper.cfbundle; includeInIndex = 0; path = "Brew Experiment Watch AppUITests.xctest"; sourceTree = BUILT_PRODUCTS_DIR; };
		92D7E0572A85583A00C95227 /* Brew_Experiment_Watch_AppUITests.swift */ = {isa = PBXFileReference; lastKnownFileType = sourcecode.swift; path = Brew_Experiment_Watch_AppUITests.swift; sourceTree = "<group>"; };
		92D7E0592A85583A00C95227 /* Brew_Experiment_Watch_AppUITestsLaunchTests.swift */ = {isa = PBXFileReference; lastKnownFileType = sourcecode.swift; path = Brew_Experiment_Watch_AppUITestsLaunchTests.swift; sourceTree = "<group>"; };
/* End PBXFileReference section */

/* Begin PBXFrameworksBuildPhase section */
		92D7E0342A85583500C95227 /* Frameworks */ = {
			isa = PBXFrameworksBuildPhase;
			buildActionMask = 2147483647;
			files = (
			);
			runOnlyForDeploymentPostprocessing = 0;
		};
		92D7E0462A85583A00C95227 /* Frameworks */ = {
			isa = PBXFrameworksBuildPhase;
			buildActionMask = 2147483647;
			files = (
			);
			runOnlyForDeploymentPostprocessing = 0;
		};
		92D7E0502A85583A00C95227 /* Frameworks */ = {
			isa = PBXFrameworksBuildPhase;
			buildActionMask = 2147483647;
			files = (
			);
			runOnlyForDeploymentPostprocessing = 0;
		};
/* End PBXFrameworksBuildPhase section */

/* Begin PBXGroup section */
		92D7E02A2A85583400C95227 = {
			isa = PBXGroup;
			children = (
				92D7E03B2A85583500C95227 /* Brew Experiment Watch App */,
				92D7E04C2A85583A00C95227 /* Brew Experiment Watch AppTests */,
				92D7E0562A85583A00C95227 /* Brew Experiment Watch AppUITests */,
				92D7E0322A85583500C95227 /* Products */,
			);
			sourceTree = "<group>";
		};
		92D7E0322A85583500C95227 /* Products */ = {
			isa = PBXGroup;
			children = (
				92D7E0312A85583500C95227 /* Brew Experiment.app */,
				92D7E0372A85583500C95227 /* Brew Experiment Watch App.app */,
				92D7E0492A85583A00C95227 /* Brew Experiment Watch AppTests.xctest */,
				92D7E0532A85583A00C95227 /* Brew Experiment Watch AppUITests.xctest */,
			);
			name = Products;
			sourceTree = "<group>";
		};
		92D7E03B2A85583500C95227 /* Brew Experiment Watch App */ = {
			isa = PBXGroup;
			children = (
				92D7E03C2A85583500C95227 /* Brew_ExperimentApp.swift */,
				92D7E03E2A85583500C95227 /* ContentView.swift */,
				92D7E0402A85583A00C95227 /* Assets.xcassets */,
				92D7E0422A85583A00C95227 /* Preview Content */,
			);
			path = "Brew Experiment Watch App";
			sourceTree = "<group>";
		};
		92D7E0422A85583A00C95227 /* Preview Content */ = {
			isa = PBXGroup;
			children = (
				92D7E0432A85583A00C95227 /* Preview Assets.xcassets */,
			);
			path = "Preview Content";
			sourceTree = "<group>";
		};
		92D7E04C2A85583A00C95227 /* Brew Experiment Watch AppTests */ = {
			isa = PBXGroup;
			children = (
				92D7E04D2A85583A00C95227 /* Brew_Experiment_Watch_AppTests.swift */,
			);
			path = "Brew Experiment Watch AppTests";
			sourceTree = "<group>";
		};
		92D7E0562A85583A00C95227 /* Brew Experiment Watch AppUITests */ = {
			isa = PBXGroup;
			children = (
				92D7E0572A85583A00C95227 /* Brew_Experiment_Watch_AppUITests.swift */,
				92D7E0592A85583A00C95227 /* Brew_Experiment_Watch_AppUITestsLaunchTests.swift */,
			);
			path = "Brew Experiment Watch AppUITests";
			sourceTree = "<group>";
		};
/* End PBXGroup section */

/* Begin PBXNativeTarget section */
		92D7E0302A85583500C95227 /* Brew Experiment */ = {
			isa = PBXNativeTarget;
			buildConfigurationList = 92D7E0612A85583A00C95227 /* Build configuration list for PBXNativeTarget "Brew Experiment" */;
			buildPhases = (
				92D7E02F2A85583500C95227 /* Resources */,
				92D7E0602A85583A00C95227 /* Embed Watch Content */,
			);
			buildRules = (
			);
			dependencies = (
				92D7E03A2A85583500C95227 /* PBXTargetDependency */,
			);
			name = "Brew Experiment";
			productName = "Brew Experiment";
			productReference = 92D7E0312A85583500C95227 /* Brew Experiment.app */;
			productType = "com.apple.product-type.application.watchapp2-container";
		};
		92D7E0362A85583500C95227 /* Brew Experiment Watch App */ = {
			isa = PBXNativeTarget;
			buildConfigurationList = 92D7E05D2A85583A00C95227 /* Build configuration list for PBXNativeTarget "Brew Experiment Watch App" */;
			buildPhases = (
				92D7E0332A85583500C95227 /* Sources */,
				92D7E0342A85583500C95227 /* Frameworks */,
				92D7E0352A85583500C95227 /* Resources */,
			);
			buildRules = (
			);
			dependencies = (
			);
			name = "Brew Experiment Watch App";
			productName = "Brew Experiment Watch App";
			productReference = 92D7E0372A85583500C95227 /* Brew Experiment Watch App.app */;
			productType = "com.apple.product-type.application";
		};
		92D7E0482A85583A00C95227 /* Brew Experiment Watch AppTests */ = {
			isa = PBXNativeTarget;
			buildConfigurationList = 92D7E0642A85583A00C95227 /* Build configuration list for PBXNativeTarget "Brew Experiment Watch AppTests" */;
			buildPhases = (
				92D7E0452A85583A00C95227 /* Sources */,
				92D7E0462A85583A00C95227 /* Frameworks */,
				92D7E0472A85583A00C95227 /* Resources */,
			);
			buildRules = (
			);
			dependencies = (
				92D7E04B2A85583A00C95227 /* PBXTargetDependency */,
			);
			name = "Brew Experiment Watch AppTests";
			productName = "Brew Experiment Watch AppTests";
			productReference = 92D7E0492A85583A00C95227 /* Brew Experiment Watch AppTests.xctest */;
			productType = "com.apple.product-type.bundle.unit-test";
		};
		92D7E0522A85583A00C95227 /* Brew Experiment Watch AppUITests */ = {
			isa = PBXNativeTarget;
			buildConfigurationList = 92D7E0672A85583A00C95227 /* Build configuration list for PBXNativeTarget "Brew Experiment Watch AppUITests" */;
			buildPhases = (
				92D7E04F2A85583A00C95227 /* Sources */,
				92D7E0502A85583A00C95227 /* Frameworks */,
				92D7E0512A85583A00C95227 /* Resources */,
			);
			buildRules = (
			);
			dependencies = (
				92D7E0552A85583A00C95227 /* PBXTargetDependency */,
			);
			name = "Brew Experiment Watch AppUITests";
			productName = "Brew Experiment Watch AppUITests";
			productReference = 92D7E0532A85583A00C95227 /* Brew Experiment Watch AppUITests.xctest */;
			productType = "com.apple.product-type.bundle.ui-testing";
		};
/* End PBXNativeTarget section */

/* Begin PBXProject section */
		92D7E02B2A85583400C95227 /* Project object */ = {
			isa = PBXProject;
			attributes = {
				BuildIndependentTargetsInParallel = 1;
				LastSwiftUpdateCheck = 1500;
				LastUpgradeCheck = 1500;
				TargetAttributes = {
					92D7E0302A85583500C95227 = {
						CreatedOnToolsVersion = 15.0;
					};
					92D7E0362A85583500C95227 = {
						CreatedOnToolsVersion = 15.0;
					};
					92D7E0482A85583A00C95227 = {
						CreatedOnToolsVersion = 15.0;
						TestTargetID = 92D7E0362A85583500C95227;
					};
					92D7E0522A85583A00C95227 = {
						CreatedOnToolsVersion = 15.0;
						TestTargetID = 92D7E0362A85583500C95227;
					};
				};
			};
			buildConfigurationList = 92D7E02E2A85583400C95227 /* Build configuration list for PBXProject "Brew Experiment" */;
			compatibilityVersion = "Xcode 14.0";
			developmentRegion = en;
			hasScannedForEncodings = 0;
			knownRegions = (
				en,
				Base,
			);
			mainGroup = 92D7E02A2A85583400C95227;
			productRefGroup = 92D7E0322A85583500C95227 /* Products */;
			projectDirPath = "";
			projectRoot = "";
			targets = (
				92D7E0302A85583500C95227 /* Brew Experiment */,
				92D7E0362A85583500C95227 /* Brew Experiment Watch App */,
				92D7E0482A85583A00C95227 /* Brew Experiment Watch AppTests */,
				92D7E0522A85583A00C95227 /* Brew Experiment Watch AppUITests */,
			);
		};
/* End PBXProject section */

/* Begin PBXResourcesBuildPhase section */
		92D7E02F2A85583500C95227 /* Resources */ = {
			isa = PBXResourcesBuildPhase;
			buildActionMask = 2147483647;
			files = (
			);
			runOnlyForDeploymentPostprocessing = 0;
		};
		92D7E0352A85583500C95227 /* Resources */ = {
			isa = PBXResourcesBuildPhase;
			buildActionMask = 2147483647;
			files = (
				92D7E0442A85583A00C95227 /* Preview Assets.xcassets in Resources */,
				92D7E0412A85583A00C95227 /* Assets.xcassets in Resources */,
			);
			runOnlyForDeploymentPostprocessing = 0;
		};
		92D7E0472A85583A00C95227 /* Resources */ = {
			isa = PBXResourcesBuildPhase;
			buildActionMask = 2147483647;
			files = (
			);
			runOnlyForDeploymentPostprocessing = 0;
		};
		92D7E0512A85583A00C95227 /* Resources */ = {
			isa = PBXResourcesBuildPhase;
			buildActionMask = 2147483647;
			files = (
			);
			runOnlyForDeploymentPostprocessing = 0;
		};
/* End PBXResourcesBuildPhase section */

/* Begin PBXSourcesBuildPhase section */
		92D7E0332A85583500C95227 /* Sources */ = {
			isa = PBXSourcesBuildPhase;
			buildActionMask = 2147483647;
			files = (
				92D7E03F2A85583500C95227 /* ContentView.swift in Sources */,
				92D7E03D2A85583500C95227 /* Brew_ExperimentApp.swift in Sources */,
			);
			runOnlyForDeploymentPostprocessing = 0;
		};
		92D7E0452A85583A00C95227 /* Sources */ = {
			isa = PBXSourcesBuildPhase;
			buildActionMask = 2147483647;
			files = (
				92D7E04E2A85583A00C95227 /* Brew_Experiment_Watch_AppTests.swift in Sources */,
			);
			runOnlyForDeploymentPostprocessing = 0;
		};
		92D7E04F2A85583A00C95227 /* Sources */ = {
			isa = PBXSourcesBuildPhase;
			buildActionMask = 2147483647;
			files = (
				92D7E0582A85583A00C95227 /* Brew_Experiment_Watch_AppUITests.swift in Sources */,
				92D7E05A2A85583A00C95227 /* Brew_Experiment_Watch_AppUITestsLaunchTests.swift in Sources */,
			);
			runOnlyForDeploymentPostprocessing = 0;
		};
/* End PBXSourcesBuildPhase section */

/* Begin PBXTargetDependency section */
		92D7E03A2A85583500C95227 /* PBXTargetDependency */ = {
			isa = PBXTargetDependency;
			target = 92D7E0362A85583500C95227 /* Brew Experiment Watch App */;
			targetProxy = 92D7E0392A85583500C95227 /* PBXContainerItemProxy */;
		};
		92D7E04B2A85583A00C95227 /* PBXTargetDependency */ = {
			isa = PBXTargetDependency;
			target = 92D7E0362A85583500C95227 /* Brew Experiment Watch App */;
			targetProxy = 92D7E04A2A85583A00C95227 /* PBXContainerItemProxy */;
		};
		92D7E0552A85583A00C95227 /* PBXTargetDependency */ = {
			isa = PBXTargetDependency;
			target = 92D7E0362A85583500C95227 /* Brew Experiment Watch App */;
			targetProxy = 92D7E0542A85583A00C95227 /* PBXContainerItemProxy */;
		};
/* End PBXTargetDependency section */

/* Begin XCBuildConfiguration section */
		92D7E05B2A85583A00C95227 /* Debug */ = {
			isa = XCBuildConfiguration;
			buildSettings = {
				ALWAYS_SEARCH_USER_PATHS = NO;
				ASSETCATALOG_COMPILER_GENERATE_SWIFT_ASSET_SYMBOL_EXTENSIONS = YES;
				CLANG_ANALYZER_NONNULL = YES;
				CLANG_ANALYZER_NUMBER_OBJECT_CONVERSION = YES_AGGRESSIVE;
				CLANG_CXX_LANGUAGE_STANDARD = "gnu++20";
				CLANG_ENABLE_MODULES = YES;
				CLANG_ENABLE_OBJC_ARC = YES;
				CLANG_ENABLE_OBJC_WEAK = YES;
				CLANG_WARN_BLOCK_CAPTURE_AUTORELEASING = YES;
				CLANG_WARN_BOOL_CONVERSION = YES;
				CLANG_WARN_COMMA = YES;
				CLANG_WARN_CONSTANT_CONVERSION = YES;
				CLANG_WARN_DEPRECATED_OBJC_IMPLEMENTATIONS = YES;
				CLANG_WARN_DIRECT_OBJC_ISA_USAGE = YES_ERROR;
				CLANG_WARN_DOCUMENTATION_COMMENTS = YES;
				CLANG_WARN_EMPTY_BODY = YES;
				CLANG_WARN_ENUM_CONVERSION = YES;
				CLANG_WARN_INFINITE_RECURSION = YES;
				CLANG_WARN_INT_CONVERSION = YES;
				CLANG_WARN_NON_LITERAL_NULL_CONVERSION = YES;
				CLANG_WARN_OBJC_IMPLICIT_RETAIN_SELF = YES;
				CLANG_WARN_OBJC_LITERAL_CONVERSION = YES;
				CLANG_WARN_OBJC_ROOT_CLASS = YES_ERROR;
				CLANG_WARN_QUOTED_INCLUDE_IN_FRAMEWORK_HEADER = YES;
				CLANG_WARN_RANGE_LOOP_ANALYSIS = YES;
				CLANG_WARN_STRICT_PROTOTYPES = YES;
				CLANG_WARN_SUSPICIOUS_MOVE = YES;
				CLANG_WARN_UNGUARDED_AVAILABILITY = YES_AGGRESSIVE;
				CLANG_WARN_UNREACHABLE_CODE = YES;
				CLANG_WARN__DUPLICATE_METHOD_MATCH = YES;
				COPY_PHASE_STRIP = NO;
				DEBUG_INFORMATION_FORMAT = dwarf;
				ENABLE_STRICT_OBJC_MSGSEND = YES;
				ENABLE_TESTABILITY = YES;
				ENABLE_USER_SCRIPT_SANDBOXING = YES;
				GCC_C_LANGUAGE_STANDARD = gnu17;
				GCC_DYNAMIC_NO_PIC = NO;
				GCC_NO_COMMON_BLOCKS = YES;
				GCC_OPTIMIZATION_LEVEL = 0;
				GCC_PREPROCESSOR_DEFINITIONS = (
					"DEBUG=1",
					"$(inherited)",
				);
				GCC_WARN_64_TO_32_BIT_CONVERSION = YES;
				GCC_WARN_ABOUT_RETURN_TYPE = YES_ERROR;
				GCC_WARN_UNDECLARED_SELECTOR = YES;
				GCC_WARN_UNINITIALIZED_AUTOS = YES_AGGRESSIVE;
				GCC_WARN_UNUSED_FUNCTION = YES;
				GCC_WARN_UNUSED_VARIABLE = YES;
				LOCALIZATION_PREFERS_STRING_CATALOGS = YES;
				MTL_ENABLE_DEBUG_INFO = INCLUDE_SOURCE;
				MTL_FAST_MATH = YES;
				ONLY_ACTIVE_ARCH = YES;
				SWIFT_ACTIVE_COMPILATION_CONDITIONS = "DEBUG $(inherited)";
				SWIFT_OPTIMIZATION_LEVEL = "-Onone";
			};
			name = Debug;
		};
		92D7E05C2A85583A00C95227 /* Release */ = {
			isa = XCBuildConfiguration;
			buildSettings = {
				ALWAYS_SEARCH_USER_PATHS = NO;
				ASSETCATALOG_COMPILER_GENERATE_SWIFT_ASSET_SYMBOL_EXTENSIONS = YES;
				CLANG_ANALYZER_NONNULL = YES;
				CLANG_ANALYZER_NUMBER_OBJECT_CONVERSION = YES_AGGRESSIVE;
				CLANG_CXX_LANGUAGE_STANDARD = "gnu++20";
				CLANG_ENABLE_MODULES = YES;
				CLANG_ENABLE_OBJC_ARC = YES;
				CLANG_ENABLE_OBJC_WEAK = YES;
				CLANG_WARN_BLOCK_CAPTURE_AUTORELEASING = YES;
				CLANG_WARN_BOOL_CONVERSION = YES;
				CLANG_WARN_COMMA = YES;
				CLANG_WARN_CONSTANT_CONVERSION = YES;
				CLANG_WARN_DEPRECATED_OBJC_IMPLEMENTATIONS = YES;
				CLANG_WARN_DIRECT_OBJC_ISA_USAGE = YES_ERROR;
				CLANG_WARN_DOCUMENTATION_COMMENTS = YES;
				CLANG_WARN_EMPTY_BODY = YES;
				CLANG_WARN_ENUM_CONVERSION = YES;
				CLANG_WARN_INFINITE_RECURSION = YES;
				CLANG_WARN_INT_CONVERSION = YES;
				CLANG_WARN_NON_LITERAL_NULL_CONVERSION = YES;
				CLANG_WARN_OBJC_IMPLICIT_RETAIN_SELF = YES;
				CLANG_WARN_OBJC_LITERAL_CONVERSION = YES;
				CLANG_WARN_OBJC_ROOT_CLASS = YES_ERROR;
				CLANG_WARN_QUOTED_INCLUDE_IN_FRAMEWORK_HEADER = YES;
				CLANG_WARN_RANGE_LOOP_ANALYSIS = YES;
				CLANG_WARN_STRICT_PROTOTYPES = YES;
				CLANG_WARN_SUSPICIOUS_MOVE = YES;
				CLANG_WARN_UNGUARDED_AVAILABILITY = YES_AGGRESSIVE;
				CLANG_WARN_UNREACHABLE_CODE = YES;
				CLANG_WARN__DUPLICATE_METHOD_MATCH = YES;
				COPY_PHASE_STRIP = NO;
				DEBUG_INFORMATION_FORMAT = "dwarf-with-dsym";
				ENABLE_NS_ASSERTIONS = NO;
				ENABLE_STRICT_OBJC_MSGSEND = YES;
				ENABLE_USER_SCRIPT_SANDBOXING = YES;
				GCC_C_LANGUAGE_STANDARD = gnu17;
				GCC_NO_COMMON_BLOCKS = YES;
				GCC_WARN_64_TO_32_BIT_CONVERSION = YES;
				GCC_WARN_ABOUT_RETURN_TYPE = YES_ERROR;
				GCC_WARN_UNDECLARED_SELECTOR = YES;
				GCC_WARN_UNINITIALIZED_AUTOS = YES_AGGRESSIVE;
				GCC_WARN_UNUSED_FUNCTION = YES;
				GCC_WARN_UNUSED_VARIABLE = YES;
				LOCALIZATION_PREFERS_STRING_CATALOGS = YES;
				MTL_ENABLE_DEBUG_INFO = NO;
				MTL_FAST_MATH = YES;
				SWIFT_COMPILATION_MODE = wholemodule;
			};
			name = Release;
		};
		92D7E05E2A85583A00C95227 /* Debug */ = {
			isa = XCBuildConfiguration;
			buildSettings = {
				ASSETCATALOG_COMPILER_APPICON_NAME = AppIcon;
				ASSETCATALOG_COMPILER_GLOBAL_ACCENT_COLOR_NAME = AccentColor;
				CODE_SIGN_STYLE = Automatic;
				CURRENT_PROJECT_VERSION = 1;
				DEVELOPMENT_ASSET_PATHS = "\"Brew Experiment Watch App/Preview Content\"";
				DEVELOPMENT_TEAM = PK77UYU9YK;
				ENABLE_PREVIEWS = YES;
				GENERATE_INFOPLIST_FILE = YES;
				INFOPLIST_KEY_CFBundleDisplayName = "Brew Experiment";
				INFOPLIST_KEY_UISupportedInterfaceOrientations = "UIInterfaceOrientationPortrait UIInterfaceOrientationPortraitUpsideDown";
				INFOPLIST_KEY_WKWatchOnly = YES;
				LD_RUNPATH_SEARCH_PATHS = (
					"$(inherited)",
					"@executable_path/Frameworks",
				);
				MARKETING_VERSION = 1.0;
				PRODUCT_BUNDLE_IDENTIFIER = "coffee.lovers.Brew-Experiment.watchkitapp";
				PRODUCT_NAME = "$(TARGET_NAME)";
				SDKROOT = watchos;
				SKIP_INSTALL = YES;
				SWIFT_EMIT_LOC_STRINGS = YES;
				SWIFT_VERSION = 5.0;
				TARGETED_DEVICE_FAMILY = 4;
				WATCHOS_DEPLOYMENT_TARGET = 10.0;
			};
			name = Debug;
		};
		92D7E05F2A85583A00C95227 /* Release */ = {
			isa = XCBuildConfiguration;
			buildSettings = {
				ASSETCATALOG_COMPILER_APPICON_NAME = AppIcon;
				ASSETCATALOG_COMPILER_GLOBAL_ACCENT_COLOR_NAME = AccentColor;
				CODE_SIGN_STYLE = Automatic;
				CURRENT_PROJECT_VERSION = 1;
				DEVELOPMENT_ASSET_PATHS = "\"Brew Experiment Watch App/Preview Content\"";
				DEVELOPMENT_TEAM = PK77UYU9YK;
				ENABLE_PREVIEWS = YES;
				GENERATE_INFOPLIST_FILE = YES;
				INFOPLIST_KEY_CFBundleDisplayName = "Brew Experiment";
				INFOPLIST_KEY_UISupportedInterfaceOrientations = "UIInterfaceOrientationPortrait UIInterfaceOrientationPortraitUpsideDown";
				INFOPLIST_KEY_WKWatchOnly = YES;
				LD_RUNPATH_SEARCH_PATHS = (
					"$(inherited)",
					"@executable_path/Frameworks",
				);
				MARKETING_VERSION = 1.0;
				PRODUCT_BUNDLE_IDENTIFIER = "coffee.lovers.Brew-Experiment.watchkitapp";
				PRODUCT_NAME = "$(TARGET_NAME)";
				SDKROOT = watchos;
				SKIP_INSTALL = YES;
				SWIFT_EMIT_LOC_STRINGS = YES;
				SWIFT_VERSION = 5.0;
				TARGETED_DEVICE_FAMILY = 4;
				VALIDATE_PRODUCT = YES;
				WATCHOS_DEPLOYMENT_TARGET = 10.0;
			};
			name = Release;
		};
		92D7E0622A85583A00C95227 /* Debug */ = {
			isa = XCBuildConfiguration;
			buildSettings = {
				ALWAYS_EMBED_SWIFT_STANDARD_LIBRARIES = YES;
				CODE_SIGN_STYLE = Automatic;
				CURRENT_PROJECT_VERSION = 1;
				DEVELOPMENT_TEAM = PK77UYU9YK;
				INFOPLIST_KEY_CFBundleDisplayName = "Brew Experiment";
				MARKETING_VERSION = 1.0;
				PRODUCT_BUNDLE_IDENTIFIER = "coffee.lovers.Brew-Experiment";
				PRODUCT_NAME = "$(TARGET_NAME)";
				SDKROOT = iphoneos;
				SWIFT_VERSION = 5.0;
			};
			name = Debug;
		};
		92D7E0632A85583A00C95227 /* Release */ = {
			isa = XCBuildConfiguration;
			buildSettings = {
				ALWAYS_EMBED_SWIFT_STANDARD_LIBRARIES = YES;
				CODE_SIGN_STYLE = Automatic;
				CURRENT_PROJECT_VERSION = 1;
				DEVELOPMENT_TEAM = PK77UYU9YK;
				INFOPLIST_KEY_CFBundleDisplayName = "Brew Experiment";
				MARKETING_VERSION = 1.0;
				PRODUCT_BUNDLE_IDENTIFIER = "coffee.lovers.Brew-Experiment";
				PRODUCT_NAME = "$(TARGET_NAME)";
				SDKROOT = iphoneos;
				SWIFT_VERSION = 5.0;
				VALIDATE_PRODUCT = YES;
			};
			name = Release;
		};
		92D7E0652A85583A00C95227 /* Debug */ = {
			isa = XCBuildConfiguration;
			buildSettings = {
				ALWAYS_EMBED_SWIFT_STANDARD_LIBRARIES = YES;
				BUNDLE_LOADER = "$(TEST_HOST)";
				CODE_SIGN_STYLE = Automatic;
				CURRENT_PROJECT_VERSION = 1;
				DEVELOPMENT_TEAM = PK77UYU9YK;
				GENERATE_INFOPLIST_FILE = YES;
				MARKETING_VERSION = 1.0;
				PRODUCT_BUNDLE_IDENTIFIER = "coffee.lovers.Brew-Experiment-Watch-AppTests";
				PRODUCT_NAME = "$(TARGET_NAME)";
				SDKROOT = watchos;
				SWIFT_EMIT_LOC_STRINGS = NO;
				SWIFT_VERSION = 5.0;
				TARGETED_DEVICE_FAMILY = 4;
				TEST_HOST = "$(BUILT_PRODUCTS_DIR)/Brew Experiment Watch App.app/$(BUNDLE_EXECUTABLE_FOLDER_PATH)/Brew Experiment Watch App";
				WATCHOS_DEPLOYMENT_TARGET = 10.0;
			};
			name = Debug;
		};
		92D7E0662A85583A00C95227 /* Release */ = {
			isa = XCBuildConfiguration;
			buildSettings = {
				ALWAYS_EMBED_SWIFT_STANDARD_LIBRARIES = YES;
				BUNDLE_LOADER = "$(TEST_HOST)";
				CODE_SIGN_STYLE = Automatic;
				CURRENT_PROJECT_VERSION = 1;
				DEVELOPMENT_TEAM = PK77UYU9YK;
				GENERATE_INFOPLIST_FILE = YES;
				MARKETING_VERSION = 1.0;
				PRODUCT_BUNDLE_IDENTIFIER = "coffee.lovers.Brew-Experiment-Watch-AppTests";
				PRODUCT_NAME = "$(TARGET_NAME)";
				SDKROOT = watchos;
				SWIFT_EMIT_LOC_STRINGS = NO;
				SWIFT_VERSION = 5.0;
				TARGETED_DEVICE_FAMILY = 4;
				TEST_HOST = "$(BUILT_PRODUCTS_DIR)/Brew Experiment Watch App.app/$(BUNDLE_EXECUTABLE_FOLDER_PATH)/Brew Experiment Watch App";
				VALIDATE_PRODUCT = YES;
				WATCHOS_DEPLOYMENT_TARGET = 10.0;
			};
			name = Release;
		};
		92D7E0682A85583A00C95227 /* Debug */ = {
			isa = XCBuildConfiguration;
			buildSettings = {
				ALWAYS_EMBED_SWIFT_STANDARD_LIBRARIES = YES;
				CODE_SIGN_STYLE = Automatic;
				CURRENT_PROJECT_VERSION = 1;
				DEVELOPMENT_TEAM = PK77UYU9YK;
				GENERATE_INFOPLIST_FILE = YES;
				MARKETING_VERSION = 1.0;
				PRODUCT_BUNDLE_IDENTIFIER = "coffee.lovers.Brew-Experiment-Watch-AppUITests";
				PRODUCT_NAME = "$(TARGET_NAME)";
				SDKROOT = watchos;
				SWIFT_EMIT_LOC_STRINGS = NO;
				SWIFT_VERSION = 5.0;
				TARGETED_DEVICE_FAMILY = 4;
				TEST_TARGET_NAME = "Brew Experiment Watch App";
				WATCHOS_DEPLOYMENT_TARGET = 10.0;
			};
			name = Debug;
		};
		92D7E0692A85583A00C95227 /* Release */ = {
			isa = XCBuildConfiguration;
			buildSettings = {
				ALWAYS_EMBED_SWIFT_STANDARD_LIBRARIES = YES;
				CODE_SIGN_STYLE = Automatic;
				CURRENT_PROJECT_VERSION = 1;
				DEVELOPMENT_TEAM = PK77UYU9YK;
				GENERATE_INFOPLIST_FILE = YES;
				MARKETING_VERSION = 1.0;
				PRODUCT_BUNDLE_IDENTIFIER = "coffee.lovers.Brew-Experiment-Watch-AppUITests";
				PRODUCT_NAME = "$(TARGET_NAME)";
				SDKROOT = watchos;
				SWIFT_EMIT_LOC_STRINGS = NO;
				SWIFT_VERSION = 5.0;
				TARGETED_DEVICE_FAMILY = 4;
				TEST_TARGET_NAME = "Brew Experiment Watch App";
				VALIDATE_PRODUCT = YES;
				WATCHOS_DEPLOYMENT_TARGET = 10.0;
			};
			name = Release;
		};
/* End XCBuildConfiguration section */

/* Begin XCConfigurationList section */
		92D7E02E2A85583400C95227 /* Build configuration list for PBXProject "Brew Experiment" */ = {
			isa = XCConfigurationList;
			buildConfigurations = (
				92D7E05B2A85583A00C95227 /* Debug */,
				92D7E05C2A85583A00C95227 /* Release */,
			);
			defaultConfigurationIsVisible = 0;
			defaultConfigurationName = Release;
		};
		92D7E05D2A85583A00C95227 /* Build configuration list for PBXNativeTarget "Brew Experiment Watch App" */ = {
			isa = XCConfigurationList;
			buildConfigurations = (
				92D7E05E2A85583A00C95227 /* Debug */,
				92D7E05F2A85583A00C95227 /* Release */,
			);
			defaultConfigurationIsVisible = 0;
			defaultConfigurationName = Release;
		};
		92D7E0612A85583A00C95227 /* Build configuration list for PBXNativeTarget "Brew Experiment" */ = {
			isa = XCConfigurationList;
			buildConfigurations = (
				92D7E0622A85583A00C95227 /* Debug */,
				92D7E0632A85583A00C95227 /* Release */,
			);
			defaultConfigurationIsVisible = 0;
			defaultConfigurationName = Release;
		};
		92D7E0642A85583A00C95227 /* Build configuration list for PBXNativeTarget "Brew Experiment Watch AppTests" */ = {
			isa = XCConfigurationList;
			buildConfigurations = (
				92D7E0652A85583A00C95227 /* Debug */,
				92D7E0662A85583A00C95227 /* Release */,
			);
			defaultConfigurationIsVisible = 0;
			defaultConfigurationName = Release;
		};
		92D7E0672A85583A00C95227 /* Build configuration list for PBXNativeTarget "Brew Experiment Watch AppUITests" */ = {
			isa = XCConfigurationList;
			buildConfigurations = (
				92D7E0682A85583A00C95227 /* Debug */,
				92D7E0692A85583A00C95227 /* Release */,
			);
			defaultConfigurationIsVisible = 0;
			defaultConfigurationName = Release;
		};
/* End XCConfigurationList section */
	};
	rootObject = 92D7E02B2A85583400C95227 /* Project object */;
}
